{
  "originHash" : "e10fa8acfc028a408aefdfffe1248e8131c03b05bc1d4df7f33fa83888b3bd96",
  "pins" : [
    {
      "identity" : "swift-mathkit",
      "kind" : "remoteSourceControl",
      "location" : "https://github.com/vitali-kurlovich/swift-mathkit.git",
      "state" : {
        "revision" : "009e4e6cba27f86d88039a2708fce1fbfc991061",
        "version" : "0.16.0"
      }
    }
  ],
  "version" : 3
}
