{
  "originHash" : "9d243406ea4b4da06663eec12dd00843b92ede13e6c21133f30c7c39e7752b40",
  "pins" : [
    {
      "identity" : "swift-mathkit",
      "kind" : "remoteSourceControl",
      "location" : "https://github.com/vitali-kurlovich/swift-mathkit.git",
      "state" : {
        "revision" : "1602d072b12bbf797f2b9f078e51effdfa49e49b",
        "version" : "0.0.11"
      }
    }
  ],
  "version" : 3
}
